
Microsoft Visual Studio Solution File, Format Version 12.00
# Visual Studio Version 17
VisualStudioVersion = 17.14.36203.30 d17.14
MinimumVisualStudioVersion = 10.0.40219.1
Project("{F184B08F-C81C-45F6-A57F-5ABD9991F28F}") = "Vision", "Vision.vbproj", "{130B4592-DDAA-4D8C-AFEE-12F169639DA7}"
EndProject
Global
	GlobalSection(SolutionConfigurationPlatforms) = preSolution
		Debug|Any CPU = Debug|Any CPU
		Release|Any CPU = Release|Any CPU
	EndGlobalSection
	GlobalSection(ProjectConfigurationPlatforms) = postSolution
		{130B4592-DDAA-4D8C-AFEE-12F169639DA7}.Debug|Any CPU.ActiveCfg = Debug|Any CPU
		{130B4592-DDAA-4D8C-AFEE-12F169639DA7}.Debug|Any CPU.Build.0 = Debug|Any CPU
		{130B4592-DDAA-4D8C-AFEE-12F169639DA7}.Release|Any CPU.ActiveCfg = Release|Any CPU
		{130B4592-DDAA-4D8C-AFEE-12F169639DA7}.Release|Any CPU.Build.0 = Release|Any CPU
	EndGlobalSection
	GlobalSection(SolutionProperties) = preSolution
		HideSolutionNode = FALSE
	EndGlobalSection
	GlobalSection(ExtensibilityGlobals) = postSolution
		SolutionGuid = {C7D9A0AD-21FC-44B4-AF71-6C07851318FA}
	EndGlobalSection
EndGlobal
